
Microsoft Visual Studio Solution File, Format Version 12.00
# Visual Studio Version 16
VisualStudioVersion = 16.0.31605.320
MinimumVisualStudioVersion = 10.0.40219.1
Project("{FAE04EC0-301F-11D3-BF4B-00C04F79EFBC}") = "AINI Fluxo de caixa", "AINI Fluxo de caixa\AINI Fluxo de caixa.csproj", "{42DB9E41-8A9E-48CF-9CDC-CBC4C2BD015D}"
EndProject
Global
	GlobalSection(SolutionConfigurationPlatforms) = preSolution
		Debug|Any CPU = Debug|Any CPU
		Release|Any CPU = Release|Any CPU
	EndGlobalSection
	GlobalSection(ProjectConfigurationPlatforms) = postSolution
		{42DB9E41-8A9E-48CF-9CDC-CBC4C2BD015D}.Debug|Any CPU.ActiveCfg = Debug|Any CPU
		{42DB9E41-8A9E-48CF-9CDC-CBC4C2BD015D}.Debug|Any CPU.Build.0 = Debug|Any CPU
		{42DB9E41-8A9E-48CF-9CDC-CBC4C2BD015D}.Release|Any CPU.ActiveCfg = Release|Any CPU
		{42DB9E41-8A9E-48CF-9CDC-CBC4C2BD015D}.Release|Any CPU.Build.0 = Release|Any CPU
	EndGlobalSection
	GlobalSection(SolutionProperties) = preSolution
		HideSolutionNode = FALSE
	EndGlobalSection
	GlobalSection(ExtensibilityGlobals) = postSolution
		SolutionGuid = {A1D501E3-B1AB-40F7-A8C0-460CCE812F0B}
	EndGlobalSection
EndGlobal
